
Microsoft Visual Studio Solution File, Format Version 12.00
# Visual Studio Version 17
VisualStudioVersion = 17.8.34322.80
MinimumVisualStudioVersion = 10.0.40219.1
Project("{FAE04EC0-301F-11D3-BF4B-00C04F79EFBC}") = "TicketReservationSystem", "TicketReservationSystem.csproj", "{338B9EAC-E16A-4953-85D5-A53814DD04C0}"
EndProject
Global
	GlobalSection(SolutionConfigurationPlatforms) = preSolution
		Debug|Any CPU = Debug|Any CPU
		Release|Any CPU = Release|Any CPU
	EndGlobalSection
	GlobalSection(ProjectConfigurationPlatforms) = postSolution
		{338B9EAC-E16A-4953-85D5-A53814DD04C0}.Debug|Any CPU.ActiveCfg = Debug|Any CPU
		{338B9EAC-E16A-4953-85D5-A53814DD04C0}.Debug|Any CPU.Build.0 = Debug|Any CPU
		{338B9EAC-E16A-4953-85D5-A53814DD04C0}.Release|Any CPU.ActiveCfg = Release|Any CPU
		{338B9EAC-E16A-4953-85D5-A53814DD04C0}.Release|Any CPU.Build.0 = Release|Any CPU
	EndGlobalSection
	GlobalSection(SolutionProperties) = preSolution
		HideSolutionNode = FALSE
	EndGlobalSection
	GlobalSection(ExtensibilityGlobals) = postSolution
		SolutionGuid = {217D5AC6-7090-48BA-BD06-9830DEE22C77}
	EndGlobalSection
EndGlobal
